
Microsoft Visual Studio Solution File, Format Version 12.00
# Visual Studio Version 17
VisualStudioVersion = 17.3.32922.545
MinimumVisualStudioVersion = 10.0.40219.1
Project("{FAE04EC0-301F-11D3-BF4B-00C04F79EFBC}") = "BookStoreUi", "BookStoreUi\BookStoreUi.csproj", "{F4A1808F-AF69-4214-85BB-0754FA4F187D}"
EndProject
Project("{FAE04EC0-301F-11D3-BF4B-00C04F79EFBC}") = "Items_Manager", "Items_Manager\Items_Manager.csproj", "{24FE3733-6370-4C0C-AB9C-A88F1EA04AFC}"
EndProject
Project("{FAE04EC0-301F-11D3-BF4B-00C04F79EFBC}") = "AccountsManager", "AccountsManager\AccountsManager.csproj", "{20A24741-A237-4392-97C6-E5A8F1A24DFA}"
EndProject
Project("{FAE04EC0-301F-11D3-BF4B-00C04F79EFBC}") = "InventoryManager", "InventoryManager\InventoryManager.csproj", "{E57C1163-F227-47C0-8DDB-9E4BA8416FFA}"
EndProject
Project("{FAE04EC0-301F-11D3-BF4B-00C04F79EFBC}") = "JSON_Logic", "JSON_Logic\JSON_Logic.csproj", "{F3321BB1-FB68-409F-A273-7BFE0FCFBE1D}"
EndProject
Project("{2150E333-8FDC-42A3-9474-1A3956D46DE8}") = "Solution Items", "Solution Items", "{B07CCE29-1A85-4972-B1D9-1E73AF2CC9A8}"
	ProjectSection(SolutionItems) = preProject
		..\..\..\AppData\Local\Packages\5f618b0e-802e-4942-b387-182029bc1a89_mdtdy63a0eab0\LocalState\InventoryDB.json = ..\..\..\AppData\Local\Packages\5f618b0e-802e-4942-b387-182029bc1a89_mdtdy63a0eab0\LocalState\InventoryDB.json
	EndProjectSection
	ProjectSection(FolderGlobals) = preProject
		C_5_4Users_4ADMIN_4AppData_4Local_4Packages_45f618b0e-802e-4942-b387-182029bc1a89_3mdtdy63a0eab0_4LocalState_4InventoryDB_1json__JsonSchema = https://github.com/ansible/schemas/raw/main/f/ansible-argument-specs.json
	EndProjectSection
EndProject
Global
	GlobalSection(SolutionConfigurationPlatforms) = preSolution
		Debug|Any CPU = Debug|Any CPU
		Debug|ARM = Debug|ARM
		Debug|ARM64 = Debug|ARM64
		Debug|x64 = Debug|x64
		Debug|x86 = Debug|x86
		Release|Any CPU = Release|Any CPU
		Release|ARM = Release|ARM
		Release|ARM64 = Release|ARM64
		Release|x64 = Release|x64
		Release|x86 = Release|x86
	EndGlobalSection
	GlobalSection(ProjectConfigurationPlatforms) = postSolution
		{F4A1808F-AF69-4214-85BB-0754FA4F187D}.Debug|Any CPU.ActiveCfg = Debug|x64
		{F4A1808F-AF69-4214-85BB-0754FA4F187D}.Debug|Any CPU.Build.0 = Debug|x64
		{F4A1808F-AF69-4214-85BB-0754FA4F187D}.Debug|Any CPU.Deploy.0 = Debug|x64
		{F4A1808F-AF69-4214-85BB-0754FA4F187D}.Debug|ARM.ActiveCfg = Debug|ARM
		{F4A1808F-AF69-4214-85BB-0754FA4F187D}.Debug|ARM.Build.0 = Debug|ARM
		{F4A1808F-AF69-4214-85BB-0754FA4F187D}.Debug|ARM.Deploy.0 = Debug|ARM
		{F4A1808F-AF69-4214-85BB-0754FA4F187D}.Debug|ARM64.ActiveCfg = Debug|ARM64
		{F4A1808F-AF69-4214-85BB-0754FA4F187D}.Debug|ARM64.Build.0 = Debug|ARM64
		{F4A1808F-AF69-4214-85BB-0754FA4F187D}.Debug|ARM64.Deploy.0 = Debug|ARM64
		{F4A1808F-AF69-4214-85BB-0754FA4F187D}.Debug|x64.ActiveCfg = Debug|x64
		{F4A1808F-AF69-4214-85BB-0754FA4F187D}.Debug|x64.Build.0 = Debug|x64
		{F4A1808F-AF69-4214-85BB-0754FA4F187D}.Debug|x64.Deploy.0 = Debug|x64
		{F4A1808F-AF69-4214-85BB-0754FA4F187D}.Debug|x86.ActiveCfg = Debug|x86
		{F4A1808F-AF69-4214-85BB-0754FA4F187D}.Debug|x86.Build.0 = Debug|x86
		{F4A1808F-AF69-4214-85BB-0754FA4F187D}.Debug|x86.Deploy.0 = Debug|x86
		{F4A1808F-AF69-4214-85BB-0754FA4F187D}.Release|Any CPU.ActiveCfg = Release|x64
		{F4A1808F-AF69-4214-85BB-0754FA4F187D}.Release|Any CPU.Build.0 = Release|x64
		{F4A1808F-AF69-4214-85BB-0754FA4F187D}.Release|Any CPU.Deploy.0 = Release|x64
		{F4A1808F-AF69-4214-85BB-0754FA4F187D}.Release|ARM.ActiveCfg = Release|ARM
		{F4A1808F-AF69-4214-85BB-0754FA4F187D}.Release|ARM.Build.0 = Release|ARM
		{F4A1808F-AF69-4214-85BB-0754FA4F187D}.Release|ARM.Deploy.0 = Release|ARM
		{F4A1808F-AF69-4214-85BB-0754FA4F187D}.Release|ARM64.ActiveCfg = Release|ARM64
		{F4A1808F-AF69-4214-85BB-0754FA4F187D}.Release|ARM64.Build.0 = Release|ARM64
		{F4A1808F-AF69-4214-85BB-0754FA4F187D}.Release|ARM64.Deploy.0 = Release|ARM64
		{F4A1808F-AF69-4214-85BB-0754FA4F187D}.Release|x64.ActiveCfg = Release|x64
		{F4A1808F-AF69-4214-85BB-0754FA4F187D}.Release|x64.Build.0 = Release|x64
		{F4A1808F-AF69-4214-85BB-0754FA4F187D}.Release|x64.Deploy.0 = Release|x64
		{F4A1808F-AF69-4214-85BB-0754FA4F187D}.Release|x86.ActiveCfg = Release|x86
		{F4A1808F-AF69-4214-85BB-0754FA4F187D}.Release|x86.Build.0 = Release|x86
		{F4A1808F-AF69-4214-85BB-0754FA4F187D}.Release|x86.Deploy.0 = Release|x86
		{24FE3733-6370-4C0C-AB9C-A88F1EA04AFC}.Debug|Any CPU.ActiveCfg = Debug|Any CPU
		{24FE3733-6370-4C0C-AB9C-A88F1EA04AFC}.Debug|Any CPU.Build.0 = Debug|Any CPU
		{24FE3733-6370-4C0C-AB9C-A88F1EA04AFC}.Debug|ARM.ActiveCfg = Debug|ARM
		{24FE3733-6370-4C0C-AB9C-A88F1EA04AFC}.Debug|ARM.Build.0 = Debug|ARM
		{24FE3733-6370-4C0C-AB9C-A88F1EA04AFC}.Debug|ARM64.ActiveCfg = Debug|ARM64
		{24FE3733-6370-4C0C-AB9C-A88F1EA04AFC}.Debug|ARM64.Build.0 = Debug|ARM64
		{24FE3733-6370-4C0C-AB9C-A88F1EA04AFC}.Debug|x64.ActiveCfg = Debug|x64
		{24FE3733-6370-4C0C-AB9C-A88F1EA04AFC}.Debug|x64.Build.0 = Debug|x64
		{24FE3733-6370-4C0C-AB9C-A88F1EA04AFC}.Debug|x86.ActiveCfg = Debug|x86
		{24FE3733-6370-4C0C-AB9C-A88F1EA04AFC}.Debug|x86.Build.0 = Debug|x86
		{24FE3733-6370-4C0C-AB9C-A88F1EA04AFC}.Release|Any CPU.ActiveCfg = Release|Any CPU
		{24FE3733-6370-4C0C-AB9C-A88F1EA04AFC}.Release|Any CPU.Build.0 = Release|Any CPU
		{24FE3733-6370-4C0C-AB9C-A88F1EA04AFC}.Release|ARM.ActiveCfg = Release|ARM
		{24FE3733-6370-4C0C-AB9C-A88F1EA04AFC}.Release|ARM.Build.0 = Release|ARM
		{24FE3733-6370-4C0C-AB9C-A88F1EA04AFC}.Release|ARM64.ActiveCfg = Release|ARM64
		{24FE3733-6370-4C0C-AB9C-A88F1EA04AFC}.Release|ARM64.Build.0 = Release|ARM64
		{24FE3733-6370-4C0C-AB9C-A88F1EA04AFC}.Release|x64.ActiveCfg = Release|x64
		{24FE3733-6370-4C0C-AB9C-A88F1EA04AFC}.Release|x64.Build.0 = Release|x64
		{24FE3733-6370-4C0C-AB9C-A88F1EA04AFC}.Release|x86.ActiveCfg = Release|x86
		{24FE3733-6370-4C0C-AB9C-A88F1EA04AFC}.Release|x86.Build.0 = Release|x86
		{20A24741-A237-4392-97C6-E5A8F1A24DFA}.Debug|Any CPU.ActiveCfg = Debug|Any CPU
		{20A24741-A237-4392-97C6-E5A8F1A24DFA}.Debug|Any CPU.Build.0 = Debug|Any CPU
		{20A24741-A237-4392-97C6-E5A8F1A24DFA}.Debug|ARM.ActiveCfg = Debug|ARM
		{20A24741-A237-4392-97C6-E5A8F1A24DFA}.Debug|ARM.Build.0 = Debug|ARM
		{20A24741-A237-4392-97C6-E5A8F1A24DFA}.Debug|ARM64.ActiveCfg = Debug|ARM64
		{20A24741-A237-4392-97C6-E5A8F1A24DFA}.Debug|ARM64.Build.0 = Debug|ARM64
		{20A24741-A237-4392-97C6-E5A8F1A24DFA}.Debug|x64.ActiveCfg = Debug|x64
		{20A24741-A237-4392-97C6-E5A8F1A24DFA}.Debug|x64.Build.0 = Debug|x64
		{20A24741-A237-4392-97C6-E5A8F1A24DFA}.Debug|x86.ActiveCfg = Debug|x86
		{20A24741-A237-4392-97C6-E5A8F1A24DFA}.Debug|x86.Build.0 = Debug|x86
		{20A24741-A237-4392-97C6-E5A8F1A24DFA}.Release|Any CPU.ActiveCfg = Release|Any CPU
		{20A24741-A237-4392-97C6-E5A8F1A24DFA}.Release|Any CPU.Build.0 = Release|Any CPU
		{20A24741-A237-4392-97C6-E5A8F1A24DFA}.Release|ARM.ActiveCfg = Release|ARM
		{20A24741-A237-4392-97C6-E5A8F1A24DFA}.Release|ARM.Build.0 = Release|ARM
		{20A24741-A237-4392-97C6-E5A8F1A24DFA}.Release|ARM64.ActiveCfg = Release|ARM64
		{20A24741-A237-4392-97C6-E5A8F1A24DFA}.Release|ARM64.Build.0 = Release|ARM64
		{20A24741-A237-4392-97C6-E5A8F1A24DFA}.Release|x64.ActiveCfg = Release|x64
		{20A24741-A237-4392-97C6-E5A8F1A24DFA}.Release|x64.Build.0 = Release|x64
		{20A24741-A237-4392-97C6-E5A8F1A24DFA}.Release|x86.ActiveCfg = Release|x86
		{20A24741-A237-4392-97C6-E5A8F1A24DFA}.Release|x86.Build.0 = Release|x86
		{E57C1163-F227-47C0-8DDB-9E4BA8416FFA}.Debug|Any CPU.ActiveCfg = Debug|Any CPU
		{E57C1163-F227-47C0-8DDB-9E4BA8416FFA}.Debug|Any CPU.Build.0 = Debug|Any CPU
		{E57C1163-F227-47C0-8DDB-9E4BA8416FFA}.Debug|ARM.ActiveCfg = Debug|ARM
		{E57C1163-F227-47C0-8DDB-9E4BA8416FFA}.Debug|ARM.Build.0 = Debug|ARM
		{E57C1163-F227-47C0-8DDB-9E4BA8416FFA}.Debug|ARM64.ActiveCfg = Debug|ARM64
		{E57C1163-F227-47C0-8DDB-9E4BA8416FFA}.Debug|ARM64.Build.0 = Debug|ARM64
		{E57C1163-F227-47C0-8DDB-9E4BA8416FFA}.Debug|x64.ActiveCfg = Debug|x64
		{E57C1163-F227-47C0-8DDB-9E4BA8416FFA}.Debug|x64.Build.0 = Debug|x64
		{E57C1163-F227-47C0-8DDB-9E4BA8416FFA}.Debug|x86.ActiveCfg = Debug|x86
		{E57C1163-F227-47C0-8DDB-9E4BA8416FFA}.Debug|x86.Build.0 = Debug|x86
		{E57C1163-F227-47C0-8DDB-9E4BA8416FFA}.Release|Any CPU.ActiveCfg = Release|Any CPU
		{E57C1163-F227-47C0-8DDB-9E4BA8416FFA}.Release|Any CPU.Build.0 = Release|Any CPU
		{E57C1163-F227-47C0-8DDB-9E4BA8416FFA}.Release|ARM.ActiveCfg = Release|ARM
		{E57C1163-F227-47C0-8DDB-9E4BA8416FFA}.Release|ARM.Build.0 = Release|ARM
		{E57C1163-F227-47C0-8DDB-9E4BA8416FFA}.Release|ARM64.ActiveCfg = Release|ARM64
		{E57C1163-F227-47C0-8DDB-9E4BA8416FFA}.Release|ARM64.Build.0 = Release|ARM64
		{E57C1163-F227-47C0-8DDB-9E4BA8416FFA}.Release|x64.ActiveCfg = Release|x64
		{E57C1163-F227-47C0-8DDB-9E4BA8416FFA}.Release|x64.Build.0 = Release|x64
		{E57C1163-F227-47C0-8DDB-9E4BA8416FFA}.Release|x86.ActiveCfg = Release|x86
		{E57C1163-F227-47C0-8DDB-9E4BA8416FFA}.Release|x86.Build.0 = Release|x86
		{F3321BB1-FB68-409F-A273-7BFE0FCFBE1D}.Debug|Any CPU.ActiveCfg = Debug|Any CPU
		{F3321BB1-FB68-409F-A273-7BFE0FCFBE1D}.Debug|Any CPU.Build.0 = Debug|Any CPU
		{F3321BB1-FB68-409F-A273-7BFE0FCFBE1D}.Debug|ARM.ActiveCfg = Debug|ARM
		{F3321BB1-FB68-409F-A273-7BFE0FCFBE1D}.Debug|ARM.Build.0 = Debug|ARM
		{F3321BB1-FB68-409F-A273-7BFE0FCFBE1D}.Debug|ARM64.ActiveCfg = Debug|ARM64
		{F3321BB1-FB68-409F-A273-7BFE0FCFBE1D}.Debug|ARM64.Build.0 = Debug|ARM64
		{F3321BB1-FB68-409F-A273-7BFE0FCFBE1D}.Debug|x64.ActiveCfg = Debug|x64
		{F3321BB1-FB68-409F-A273-7BFE0FCFBE1D}.Debug|x64.Build.0 = Debug|x64
		{F3321BB1-FB68-409F-A273-7BFE0FCFBE1D}.Debug|x86.ActiveCfg = Debug|x86
		{F3321BB1-FB68-409F-A273-7BFE0FCFBE1D}.Debug|x86.Build.0 = Debug|x86
		{F3321BB1-FB68-409F-A273-7BFE0FCFBE1D}.Release|Any CPU.ActiveCfg = Release|Any CPU
		{F3321BB1-FB68-409F-A273-7BFE0FCFBE1D}.Release|Any CPU.Build.0 = Release|Any CPU
		{F3321BB1-FB68-409F-A273-7BFE0FCFBE1D}.Release|ARM.ActiveCfg = Release|ARM
		{F3321BB1-FB68-409F-A273-7BFE0FCFBE1D}.Release|ARM.Build.0 = Release|ARM
		{F3321BB1-FB68-409F-A273-7BFE0FCFBE1D}.Release|ARM64.ActiveCfg = Release|ARM64
		{F3321BB1-FB68-409F-A273-7BFE0FCFBE1D}.Release|ARM64.Build.0 = Release|ARM64
		{F3321BB1-FB68-409F-A273-7BFE0FCFBE1D}.Release|x64.ActiveCfg = Release|x64
		{F3321BB1-FB68-409F-A273-7BFE0FCFBE1D}.Release|x64.Build.0 = Release|x64
		{F3321BB1-FB68-409F-A273-7BFE0FCFBE1D}.Release|x86.ActiveCfg = Release|x86
		{F3321BB1-FB68-409F-A273-7BFE0FCFBE1D}.Release|x86.Build.0 = Release|x86
	EndGlobalSection
	GlobalSection(SolutionProperties) = preSolution
		HideSolutionNode = FALSE
	EndGlobalSection
	GlobalSection(ExtensibilityGlobals) = postSolution
		SolutionGuid = {74605187-5DA1-4ADE-8722-EFB0433A53D5}
	EndGlobalSection
EndGlobal
